
Microsoft Visual Studio Solution File, Format Version 12.00
# Visual Studio Version 17
VisualStudioVersion = 17.0.31903.59
MinimumVisualStudioVersion = 10.0.40219.1
Project("{2150E333-8FDC-42A3-9474-1A3956D46DE8}") = "src", "src", "{F2ECBC76-6C62-4F36-AEA5-90F152028AA8}"
EndProject
Project("{FAE04EC0-301F-11D3-BF4B-00C04F79EFBC}") = "CrankingVectors.ConsoleApp", "src\CrankingVectors.ConsoleApp\CrankingVectors.ConsoleApp.csproj", "{22503353-3BCD-4E54-9D18-1BE02841A289}"
EndProject
Global
	GlobalSection(SolutionConfigurationPlatforms) = preSolution
		Debug|Any CPU = Debug|Any CPU
		Release|Any CPU = Release|Any CPU
	EndGlobalSection
	GlobalSection(SolutionProperties) = preSolution
		HideSolutionNode = FALSE
	EndGlobalSection
	GlobalSection(ProjectConfigurationPlatforms) = postSolution
		{22503353-3BCD-4E54-9D18-1BE02841A289}.Debug|Any CPU.ActiveCfg = Debug|Any CPU
		{22503353-3BCD-4E54-9D18-1BE02841A289}.Debug|Any CPU.Build.0 = Debug|Any CPU
		{22503353-3BCD-4E54-9D18-1BE02841A289}.Release|Any CPU.ActiveCfg = Release|Any CPU
		{22503353-3BCD-4E54-9D18-1BE02841A289}.Release|Any CPU.Build.0 = Release|Any CPU
	EndGlobalSection
	GlobalSection(NestedProjects) = preSolution
		{22503353-3BCD-4E54-9D18-1BE02841A289} = {F2ECBC76-6C62-4F36-AEA5-90F152028AA8}
	EndGlobalSection
EndGlobal
